
Microsoft Visual Studio Solution File, Format Version 12.00
# Visual Studio 15
VisualStudioVersion = 15.0.28307.136
MinimumVisualStudioVersion = 10.0.40219.1
Project("{FAE04EC0-301F-11D3-BF4B-00C04F79EFBC}") = "ProjectPart1", "ProjectPart1\ProjectPart1.csproj", "{38E8BF35-C728-417C-8978-C599A420657E}"
EndProject
Global
	GlobalSection(SolutionConfigurationPlatforms) = preSolution
		Debug|Any CPU = Debug|Any CPU
		Release|Any CPU = Release|Any CPU
	EndGlobalSection
	GlobalSection(ProjectConfigurationPlatforms) = postSolution
		{38E8BF35-C728-417C-8978-C599A420657E}.Debug|Any CPU.ActiveCfg = Debug|Any CPU
		{38E8BF35-C728-417C-8978-C599A420657E}.Debug|Any CPU.Build.0 = Debug|Any CPU
		{38E8BF35-C728-417C-8978-C599A420657E}.Release|Any CPU.ActiveCfg = Release|Any CPU
		{38E8BF35-C728-417C-8978-C599A420657E}.Release|Any CPU.Build.0 = Release|Any CPU
	EndGlobalSection
	GlobalSection(SolutionProperties) = preSolution
		HideSolutionNode = FALSE
	EndGlobalSection
	GlobalSection(ExtensibilityGlobals) = postSolution
		SolutionGuid = {7F22B761-5659-4BC3-B9B5-B1AD09CCAF06}
	EndGlobalSection
EndGlobal
